{
  "version": 4,
  "terraform_version": "1.3.5",
  "serial": 166,
  "lineage": "6f629d2c-f688-9398-16d3-8f78949103e8",
  "outputs": {},
  "resources": [
    {
      "mode": "managed",
      "type": "aws_instance",
      "name": "appserver-1a",
      "provider": "provider[\"registry.terraform.io/hashicorp/aws\"]",
      "instances": [
        {
          "schema_version": 1,
          "attributes": {
            "ami": "ami-04581fbf744a7d11f",
            "arn": "arn:aws:ec2:us-east-1:126400498530:instance/i-07f094876416d3981",
            "associate_public_ip_address": false,
            "availability_zone": "us-east-1a",
            "capacity_reservation_specification": [
              {
                "capacity_reservation_preference": "open",
                "capacity_reservation_target": []
              }
            ],
            "cpu_core_count": 1,
            "cpu_threads_per_core": 1,
            "credit_specification": [
              {
                "cpu_credits": "standard"
              }
            ],
            "disable_api_stop": false,
            "disable_api_termination": false,
            "ebs_block_device": [],
            "ebs_optimized": false,
            "enclave_options": [
              {
                "enabled": false
              }
            ],
            "ephemeral_block_device": [],
            "get_password_data": false,
            "hibernation": false,
            "host_id": "",
            "host_resource_group_arn": null,
            "iam_instance_profile": "",
            "id": "i-07f094876416d3981",
            "instance_initiated_shutdown_behavior": "stop",
            "instance_state": "running",
            "instance_type": "t2.micro",
            "ipv6_address_count": 0,
            "ipv6_addresses": [],
            "key_name": "utc-key",
            "launch_template": [],
            "maintenance_options": [
              {
                "auto_recovery": "default"
              }
            ],
            "metadata_options": [
              {
                "http_endpoint": "enabled",
                "http_put_response_hop_limit": 1,
                "http_tokens": "optional",
                "instance_metadata_tags": "disabled"
              }
            ],
            "monitoring": false,
            "network_interface": [],
            "outpost_arn": "",
            "password_data": "",
            "placement_group": "",
            "placement_partition_number": 0,
            "primary_network_interface_id": "eni-0664be28c741015e2",
            "private_dns": "ip-10-0-1-30.ec2.internal",
            "private_dns_name_options": [
              {
                "enable_resource_name_dns_a_record": false,
                "enable_resource_name_dns_aaaa_record": false,
                "hostname_type": "ip-name"
              }
            ],
            "private_ip": "10.0.1.30",
            "public_dns": "",
            "public_ip": "",
            "root_block_device": [
              {
                "delete_on_termination": true,
                "device_name": "/dev/xvda",
                "encrypted": false,
                "iops": 100,
                "kms_key_id": "",
                "tags": {},
                "throughput": 0,
                "volume_id": "vol-0492f797b4a4bd7cb",
                "volume_size": 8,
                "volume_type": "gp2"
              }
            ],
            "secondary_private_ips": [],
            "security_groups": [],
            "source_dest_check": true,
            "subnet_id": "subnet-0d6b015a2700025ab",
            "tags": {
              "Name": "appserver-1a",
              "env": "dev",
              "team": "config management"
            },
            "tags_all": {
              "Name": "appserver-1a",
              "env": "dev",
              "team": "config management"
            },
            "tenancy": "default",
            "timeouts": null,
            "user_data": "9f0e2be925fe36be6b0cdfc636f4eee7dd0c681d",
            "user_data_base64": null,
            "user_data_replace_on_change": false,
            "volume_tags": null,
            "vpc_security_group_ids": [
              "sg-084e7955e401bd870"
            ]
          },
          "sensitive_attributes": [],
          "private": "eyJlMmJmYjczMC1lY2FhLTExZTYtOGY4OC0zNDM2M2JjN2M0YzAiOnsiY3JlYXRlIjo2MDAwMDAwMDAwMDAsImRlbGV0ZSI6MTIwMDAwMDAwMDAwMCwidXBkYXRlIjo2MDAwMDAwMDAwMDB9LCJzY2hlbWFfdmVyc2lvbiI6IjEifQ==",
          "dependencies": [
            "aws_security_group.app-server",
            "aws_subnet.private-1a",
            "aws_vpc.utc-vpc"
          ]
        }
      ]
    },
    {
      "mode": "managed",
      "type": "aws_instance",
      "name": "appserver-1b",
      "provider": "provider[\"registry.terraform.io/hashicorp/aws\"]",
      "instances": [
        {
          "schema_version": 1,
          "attributes": {
            "ami": "ami-00c39f71452c08778",
            "arn": "arn:aws:ec2:us-east-1:126400498530:instance/i-0262026162a53ff04",
            "associate_public_ip_address": false,
            "availability_zone": "us-east-1b",
            "capacity_reservation_specification": [
              {
                "capacity_reservation_preference": "open",
                "capacity_reservation_target": []
              }
            ],
            "cpu_core_count": 1,
            "cpu_threads_per_core": 1,
            "credit_specification": [
              {
                "cpu_credits": "standard"
              }
            ],
            "disable_api_stop": false,
            "disable_api_termination": false,
            "ebs_block_device": [],
            "ebs_optimized": false,
            "enclave_options": [
              {
                "enabled": false
              }
            ],
            "ephemeral_block_device": [],
            "get_password_data": false,
            "hibernation": false,
            "host_id": "",
            "host_resource_group_arn": null,
            "iam_instance_profile": "",
            "id": "i-0262026162a53ff04",
            "instance_initiated_shutdown_behavior": "stop",
            "instance_state": "running",
            "instance_type": "t2.micro",
            "ipv6_address_count": 0,
            "ipv6_addresses": [],
            "key_name": "utc-key",
            "launch_template": [],
            "maintenance_options": [
              {
                "auto_recovery": "default"
              }
            ],
            "metadata_options": [
              {
                "http_endpoint": "enabled",
                "http_put_response_hop_limit": 2,
                "http_tokens": "required",
                "instance_metadata_tags": "disabled"
              }
            ],
            "monitoring": false,
            "network_interface": [],
            "outpost_arn": "",
            "password_data": "",
            "placement_group": "",
            "placement_partition_number": 0,
            "primary_network_interface_id": "eni-0b8fc9ee4f8a4971b",
            "private_dns": "ip-10-0-2-73.ec2.internal",
            "private_dns_name_options": [
              {
                "enable_resource_name_dns_a_record": false,
                "enable_resource_name_dns_aaaa_record": false,
                "hostname_type": "ip-name"
              }
            ],
            "private_ip": "10.0.2.73",
            "public_dns": "",
            "public_ip": "",
            "root_block_device": [
              {
                "delete_on_termination": true,
                "device_name": "/dev/xvda",
                "encrypted": false,
                "iops": 3000,
                "kms_key_id": "",
                "tags": {},
                "throughput": 125,
                "volume_id": "vol-0c12a56810c7a1d11",
                "volume_size": 8,
                "volume_type": "gp3"
              }
            ],
            "secondary_private_ips": [],
            "security_groups": [],
            "source_dest_check": true,
            "subnet_id": "subnet-0b2bbc0002486e3f6",
            "tags": {
              "Name": "appserver-1b",
              "env": "dev",
              "team": "config management"
            },
            "tags_all": {
              "Name": "appserver-1b",
              "env": "dev",
              "team": "config management"
            },
            "tenancy": "default",
            "timeouts": null,
            "user_data": "9f0e2be925fe36be6b0cdfc636f4eee7dd0c681d",
            "user_data_base64": null,
            "user_data_replace_on_change": false,
            "volume_tags": null,
            "vpc_security_group_ids": [
              "sg-084e7955e401bd870"
            ]
          },
          "sensitive_attributes": [],
          "private": "eyJlMmJmYjczMC1lY2FhLTExZTYtOGY4OC0zNDM2M2JjN2M0YzAiOnsiY3JlYXRlIjo2MDAwMDAwMDAwMDAsImRlbGV0ZSI6MTIwMDAwMDAwMDAwMCwidXBkYXRlIjo2MDAwMDAwMDAwMDB9LCJzY2hlbWFfdmVyc2lvbiI6IjEifQ==",
          "dependencies": [
            "aws_security_group.app-server",
            "aws_subnet.private-1b",
            "aws_vpc.utc-vpc"
          ]
        }
      ]
    },
    {
      "mode": "managed",
      "type": "aws_instance",
      "name": "bastion",
      "provider": "provider[\"registry.terraform.io/hashicorp/aws\"]",
      "instances": []
    },
    {
      "mode": "managed",
      "type": "aws_internet_gateway",
      "name": "utc_igw",
      "provider": "provider[\"registry.terraform.io/hashicorp/aws\"]",
      "instances": [
        {
          "schema_version": 0,
          "attributes": {
            "arn": "arn:aws:ec2:us-east-1:126400498530:internet-gateway/igw-0da26763a11c5111f",
            "id": "igw-0da26763a11c5111f",
            "owner_id": "126400498530",
            "tags": {
              "Name": "utc-internet-gateway",
              "env": "dev",
              "team": "config management"
            },
            "tags_all": {
              "Name": "utc-internet-gateway",
              "env": "dev",
              "team": "config management"
            },
            "timeouts": null,
            "vpc_id": "vpc-0ce415467845cd97e"
          },
          "sensitive_attributes": [],
          "private": "eyJlMmJmYjczMC1lY2FhLTExZTYtOGY4OC0zNDM2M2JjN2M0YzAiOnsiY3JlYXRlIjoxMjAwMDAwMDAwMDAwLCJkZWxldGUiOjEyMDAwMDAwMDAwMDAsInVwZGF0ZSI6MTIwMDAwMDAwMDAwMH19",
          "dependencies": [
            "aws_vpc.utc_vpc"
          ]
        }
      ]
    },
    {
      "mode": "managed",
      "type": "aws_route_table",
      "name": "private_rt",
      "provider": "provider[\"registry.terraform.io/hashicorp/aws\"]",
      "instances": [
        {
          "schema_version": 0,
          "attributes": {
            "arn": "arn:aws:ec2:us-east-1:126400498530:route-table/rtb-05396cf19e6008b5f",
            "id": "rtb-05396cf19e6008b5f",
            "owner_id": "126400498530",
            "propagating_vgws": [],
            "route": [],
            "tags": {
              "Name": "utc-private-route-table",
              "env": "dev",
              "team": "config management"
            },
            "tags_all": {
              "Name": "utc-private-route-table",
              "env": "dev",
              "team": "config management"
            },
            "timeouts": null,
            "vpc_id": "vpc-0ce415467845cd97e"
          },
          "sensitive_attributes": [],
          "private": "eyJlMmJmYjczMC1lY2FhLTExZTYtOGY4OC0zNDM2M2JjN2M0YzAiOnsiY3JlYXRlIjozMDAwMDAwMDAwMDAsImRlbGV0ZSI6MzAwMDAwMDAwMDAwLCJ1cGRhdGUiOjEyMDAwMDAwMDAwMH19",
          "dependencies": [
            "aws_vpc.utc_vpc"
          ]
        }
      ]
    },
    {
      "mode": "managed",
      "type": "aws_route_table",
      "name": "public_rt",
      "provider": "provider[\"registry.terraform.io/hashicorp/aws\"]",
      "instances": [
        {
          "schema_version": 0,
          "attributes": {
            "arn": "arn:aws:ec2:us-east-1:126400498530:route-table/rtb-0cae50885bb8073b6",
            "id": "rtb-0cae50885bb8073b6",
            "owner_id": "126400498530",
            "propagating_vgws": [],
            "route": [],
            "tags": {
              "Name": "utc-public-route-table",
              "env": "dev",
              "team": "config management"
            },
            "tags_all": {
              "Name": "utc-public-route-table",
              "env": "dev",
              "team": "config management"
            },
            "timeouts": null,
            "vpc_id": "vpc-0ce415467845cd97e"
          },
          "sensitive_attributes": [],
          "private": "eyJlMmJmYjczMC1lY2FhLTExZTYtOGY4OC0zNDM2M2JjN2M0YzAiOnsiY3JlYXRlIjozMDAwMDAwMDAwMDAsImRlbGV0ZSI6MzAwMDAwMDAwMDAwLCJ1cGRhdGUiOjEyMDAwMDAwMDAwMH19",
          "dependencies": [
            "aws_vpc.utc_vpc"
          ]
        }
      ]
    },
    {
      "mode": "managed",
      "type": "aws_route_table_association",
      "name": "private_subnet_1a_association",
      "provider": "provider[\"registry.terraform.io/hashicorp/aws\"]",
      "instances": [
        {
          "schema_version": 0,
          "attributes": {
            "gateway_id": "",
            "id": "rtbassoc-0278efcbe03d9c603",
            "route_table_id": "rtb-0cae50885bb8073b6",
            "subnet_id": "subnet-0f0bedd9182387952"
          },
          "sensitive_attributes": [],
          "private": "bnVsbA==",
          "dependencies": [
            "aws_route_table.public_rt",
            "aws_subnet.private_subnet_1a",
            "aws_vpc.utc_vpc"
          ]
        }
      ]
    },
    {
      "mode": "managed",
      "type": "aws_route_table_association",
      "name": "public_subnet_1a_association",
      "provider": "provider[\"registry.terraform.io/hashicorp/aws\"]",
      "instances": [
        {
          "schema_version": 0,
          "attributes": {
            "gateway_id": "",
            "id": "rtbassoc-0e093964a4b44c6eb",
            "route_table_id": "rtb-0cae50885bb8073b6",
            "subnet_id": "subnet-00d3e1fd203c0c60c"
          },
          "sensitive_attributes": [],
          "private": "bnVsbA==",
          "dependencies": [
            "aws_route_table.public_rt",
            "aws_subnet.public_subnet_1a",
            "aws_vpc.utc_vpc"
          ]
        }
      ]
    },
    {
      "mode": "managed",
      "type": "aws_route_table_association",
      "name": "public_subnet_1b_association",
      "provider": "provider[\"registry.terraform.io/hashicorp/aws\"]",
      "instances": [
        {
          "schema_version": 0,
          "attributes": {
            "gateway_id": "",
            "id": "rtbassoc-0e238edb961bc8c1e",
            "route_table_id": "rtb-0cae50885bb8073b6",
            "subnet_id": "subnet-0de6353a7dfbb1bf6"
          },
          "sensitive_attributes": [],
          "private": "bnVsbA==",
          "dependencies": [
            "aws_route_table.public_rt",
            "aws_subnet.public_subnet_1b",
            "aws_vpc.utc_vpc"
          ]
        }
      ]
    },
    {
      "mode": "managed",
      "type": "aws_security_group",
      "name": "alb_sg",
      "provider": "provider[\"registry.terraform.io/hashicorp/aws\"]",
      "instances": [
        {
          "schema_version": 1,
          "attributes": {
            "arn": "arn:aws:ec2:us-east-1:126400498530:security-group/sg-0aa2c6cc80fa01a82",
            "description": "Managed by Terraform",
            "egress": [
              {
                "cidr_blocks": [
                  "0.0.0.0/0"
                ],
                "description": "",
                "from_port": 0,
                "ipv6_cidr_blocks": [],
                "prefix_list_ids": [],
                "protocol": "-1",
                "security_groups": [],
                "self": false,
                "to_port": 0
              }
            ],
            "id": "sg-0aa2c6cc80fa01a82",
            "ingress": [
              {
                "cidr_blocks": [
                  "0.0.0.0/0"
                ],
                "description": "",
                "from_port": 80,
                "ipv6_cidr_blocks": [],
                "prefix_list_ids": [],
                "protocol": "tcp",
                "security_groups": [],
                "self": false,
                "to_port": 443
              }
            ],
            "name": "alb-sg-20230405021115884400000003",
            "name_prefix": "alb-sg-",
            "owner_id": "126400498530",
            "revoke_rules_on_delete": false,
            "tags": {
              "env": "dev",
              "team": "config management"
            },
            "tags_all": {
              "env": "dev",
              "team": "config management"
            },
            "timeouts": null,
            "vpc_id": "vpc-0ce415467845cd97e"
          },
          "sensitive_attributes": [],
          "private": "eyJlMmJmYjczMC1lY2FhLTExZTYtOGY4OC0zNDM2M2JjN2M0YzAiOnsiY3JlYXRlIjo2MDAwMDAwMDAwMDAsImRlbGV0ZSI6OTAwMDAwMDAwMDAwfSwic2NoZW1hX3ZlcnNpb24iOiIxIn0=",
          "dependencies": [
            "aws_vpc.utc_vpc"
          ]
        }
      ]
    },
    {
      "mode": "managed",
      "type": "aws_security_group",
      "name": "app-server",
      "provider": "provider[\"registry.terraform.io/hashicorp/aws\"]",
      "instances": [
        {
          "schema_version": 1,
          "attributes": {
            "arn": "arn:aws:ec2:us-east-1:126400498530:security-group/sg-084e7955e401bd870",
            "description": "Managed by Terraform",
            "egress": [],
            "id": "sg-084e7955e401bd870",
            "ingress": [
              {
                "cidr_blocks": [
                  "0.0.0.0/0"
                ],
                "description": "",
                "from_port": 80,
                "ipv6_cidr_blocks": [],
                "prefix_list_ids": [],
                "protocol": "tcp",
                "security_groups": [],
                "self": false,
                "to_port": 80
              }
            ],
            "name": "app-server-sg20230405021115216600000001",
            "name_prefix": "app-server-sg",
            "owner_id": "126400498530",
            "revoke_rules_on_delete": false,
            "tags": null,
            "tags_all": {},
            "timeouts": null,
            "vpc_id": "vpc-08a556d298c07fc7e"
          },
          "sensitive_attributes": [],
          "private": "eyJlMmJmYjczMC1lY2FhLTExZTYtOGY4OC0zNDM2M2JjN2M0YzAiOnsiY3JlYXRlIjo2MDAwMDAwMDAwMDAsImRlbGV0ZSI6OTAwMDAwMDAwMDAwfSwic2NoZW1hX3ZlcnNpb24iOiIxIn0=",
          "dependencies": [
            "aws_vpc.utc-vpc"
          ]
        }
      ]
    },
    {
      "mode": "managed",
      "type": "aws_security_group",
      "name": "app_sg",
      "provider": "provider[\"registry.terraform.io/hashicorp/aws\"]",
      "instances": [
        {
          "schema_version": 1,
          "attributes": {
            "arn": "arn:aws:ec2:us-east-1:126400498530:security-group/sg-0333bce8a76bc2af0",
            "description": "Managed by Terraform",
            "egress": [
              {
                "cidr_blocks": [
                  "0.0.0.0/0"
                ],
                "description": "",
                "from_port": 0,
                "ipv6_cidr_blocks": [],
                "prefix_list_ids": [],
                "protocol": "-1",
                "security_groups": [],
                "self": false,
                "to_port": 0
              }
            ],
            "id": "sg-0333bce8a76bc2af0",
            "ingress": [
              {
                "cidr_blocks": [],
                "description": "",
                "from_port": 22,
                "ipv6_cidr_blocks": [],
                "prefix_list_ids": [],
                "protocol": "tcp",
                "security_groups": [
                  "sg-05b61b2ca781672a2"
                ],
                "self": false,
                "to_port": 22
              },
              {
                "cidr_blocks": [],
                "description": "",
                "from_port": 80,
                "ipv6_cidr_blocks": [],
                "prefix_list_ids": [],
                "protocol": "tcp",
                "security_groups": [
                  "sg-0aa2c6cc80fa01a82"
                ],
                "self": false,
                "to_port": 80
              }
            ],
            "name": "app-sg-20230405021118317100000006",
            "name_prefix": "app-sg-",
            "owner_id": "126400498530",
            "revoke_rules_on_delete": false,
            "tags": {
              "env": "dev",
              "team": "config management"
            },
            "tags_all": {
              "env": "dev",
              "team": "config management"
            },
            "timeouts": null,
            "vpc_id": "vpc-0ce415467845cd97e"
          },
          "sensitive_attributes": [],
          "private": "eyJlMmJmYjczMC1lY2FhLTExZTYtOGY4OC0zNDM2M2JjN2M0YzAiOnsiY3JlYXRlIjo2MDAwMDAwMDAwMDAsImRlbGV0ZSI6OTAwMDAwMDAwMDAwfSwic2NoZW1hX3ZlcnNpb24iOiIxIn0=",
          "dependencies": [
            "aws_security_group.alb_sg",
            "aws_security_group.bastion_sg",
            "aws_vpc.utc_vpc"
          ]
        }
      ]
    },
    {
      "mode": "managed",
      "type": "aws_security_group",
      "name": "bastion",
      "provider": "provider[\"registry.terraform.io/hashicorp/aws\"]",
      "instances": []
    },
    {
      "mode": "managed",
      "type": "aws_security_group",
      "name": "bastion_sg",
      "provider": "provider[\"registry.terraform.io/hashicorp/aws\"]",
      "instances": [
        {
          "schema_version": 1,
          "attributes": {
            "arn": "arn:aws:ec2:us-east-1:126400498530:security-group/sg-05b61b2ca781672a2",
            "description": "Managed by Terraform",
            "egress": [
              {
                "cidr_blocks": [
                  "0.0.0.0/0"
                ],
                "description": "",
                "from_port": 0,
                "ipv6_cidr_blocks": [],
                "prefix_list_ids": [],
                "protocol": "-1",
                "security_groups": [],
                "self": false,
                "to_port": 0
              }
            ],
            "id": "sg-05b61b2ca781672a2",
            "ingress": [
              {
                "cidr_blocks": [
                  "66.189.125.129/32"
                ],
                "description": "",
                "from_port": 22,
                "ipv6_cidr_blocks": [],
                "prefix_list_ids": [],
                "protocol": "tcp",
                "security_groups": [],
                "self": false,
                "to_port": 22
              }
            ],
            "name": "bastion-sg-20230405021115308700000002",
            "name_prefix": "bastion-sg-",
            "owner_id": "126400498530",
            "revoke_rules_on_delete": false,
            "tags": {
              "env": "dev",
              "team": "config management"
            },
            "tags_all": {
              "env": "dev",
              "team": "config management"
            },
            "timeouts": null,
            "vpc_id": "vpc-0ce415467845cd97e"
          },
          "sensitive_attributes": [],
          "private": "eyJlMmJmYjczMC1lY2FhLTExZTYtOGY4OC0zNDM2M2JjN2M0YzAiOnsiY3JlYXRlIjo2MDAwMDAwMDAwMDAsImRlbGV0ZSI6OTAwMDAwMDAwMDAwfSwic2NoZW1hX3ZlcnNpb24iOiIxIn0=",
          "dependencies": [
            "aws_vpc.utc_vpc"
          ]
        }
      ]
    },
    {
      "mode": "managed",
      "type": "aws_security_group",
      "name": "db_sg",
      "provider": "provider[\"registry.terraform.io/hashicorp/aws\"]",
      "instances": [
        {
          "schema_version": 1,
          "attributes": {
            "arn": "arn:aws:ec2:us-east-1:126400498530:security-group/sg-0ecb4b70044ba030b",
            "description": "Managed by Terraform",
            "egress": [
              {
                "cidr_blocks": [
                  "0.0.0.0/0"
                ],
                "description": "",
                "from_port": 0,
                "ipv6_cidr_blocks": [],
                "prefix_list_ids": [],
                "protocol": "-1",
                "security_groups": [],
                "self": false,
                "to_port": 0
              }
            ],
            "id": "sg-0ecb4b70044ba030b",
            "ingress": [
              {
                "cidr_blocks": [],
                "description": "",
                "from_port": 3306,
                "ipv6_cidr_blocks": [],
                "prefix_list_ids": [],
                "protocol": "tcp",
                "security_groups": [
                  "sg-0333bce8a76bc2af0"
                ],
                "self": false,
                "to_port": 3306
              }
            ],
            "name": "db-sg-20230405021120752800000007",
            "name_prefix": "db-sg-",
            "owner_id": "126400498530",
            "revoke_rules_on_delete": false,
            "tags": {
              "env": "dev",
              "team": "config management"
            },
            "tags_all": {
              "env": "dev",
              "team": "config management"
            },
            "timeouts": null,
            "vpc_id": "vpc-0ce415467845cd97e"
          },
          "sensitive_attributes": [],
          "private": "eyJlMmJmYjczMC1lY2FhLTExZTYtOGY4OC0zNDM2M2JjN2M0YzAiOnsiY3JlYXRlIjo2MDAwMDAwMDAwMDAsImRlbGV0ZSI6OTAwMDAwMDAwMDAwfSwic2NoZW1hX3ZlcnNpb24iOiIxIn0=",
          "dependencies": [
            "aws_security_group.alb_sg",
            "aws_security_group.app_sg",
            "aws_security_group.bastion_sg",
            "aws_vpc.utc_vpc"
          ]
        }
      ]
    },
    {
      "mode": "managed",
      "type": "aws_subnet",
      "name": "private",
      "provider": "provider[\"registry.terraform.io/hashicorp/aws\"]",
      "instances": []
    },
    {
      "mode": "managed",
      "type": "aws_subnet",
      "name": "private-1a",
      "provider": "provider[\"registry.terraform.io/hashicorp/aws\"]",
      "instances": [
        {
          "schema_version": 1,
          "attributes": {
            "arn": "arn:aws:ec2:us-east-1:126400498530:subnet/subnet-0d6b015a2700025ab",
            "assign_ipv6_address_on_creation": false,
            "availability_zone": "us-east-1a",
            "availability_zone_id": "use1-az6",
            "cidr_block": "10.0.1.0/24",
            "customer_owned_ipv4_pool": "",
            "enable_dns64": false,
            "enable_resource_name_dns_a_record_on_launch": false,
            "enable_resource_name_dns_aaaa_record_on_launch": false,
            "id": "subnet-0d6b015a2700025ab",
            "ipv6_cidr_block": "",
            "ipv6_cidr_block_association_id": "",
            "ipv6_native": false,
            "map_customer_owned_ip_on_launch": false,
            "map_public_ip_on_launch": false,
            "outpost_arn": "",
            "owner_id": "126400498530",
            "private_dns_hostname_type_on_launch": "ip-name",
            "tags": null,
            "tags_all": {},
            "timeouts": null,
            "vpc_id": "vpc-08a556d298c07fc7e"
          },
          "sensitive_attributes": [],
          "private": "eyJlMmJmYjczMC1lY2FhLTExZTYtOGY4OC0zNDM2M2JjN2M0YzAiOnsiY3JlYXRlIjo2MDAwMDAwMDAwMDAsImRlbGV0ZSI6MTIwMDAwMDAwMDAwMH0sInNjaGVtYV92ZXJzaW9uIjoiMSJ9",
          "dependencies": [
            "aws_vpc.utc-vpc"
          ]
        }
      ]
    },
    {
      "mode": "managed",
      "type": "aws_subnet",
      "name": "private-1b",
      "provider": "provider[\"registry.terraform.io/hashicorp/aws\"]",
      "instances": [
        {
          "schema_version": 1,
          "attributes": {
            "arn": "arn:aws:ec2:us-east-1:126400498530:subnet/subnet-0b2bbc0002486e3f6",
            "assign_ipv6_address_on_creation": false,
            "availability_zone": "us-east-1b",
            "availability_zone_id": "use1-az1",
            "cidr_block": "10.0.2.0/24",
            "customer_owned_ipv4_pool": "",
            "enable_dns64": false,
            "enable_resource_name_dns_a_record_on_launch": false,
            "enable_resource_name_dns_aaaa_record_on_launch": false,
            "id": "subnet-0b2bbc0002486e3f6",
            "ipv6_cidr_block": "",
            "ipv6_cidr_block_association_id": "",
            "ipv6_native": false,
            "map_customer_owned_ip_on_launch": false,
            "map_public_ip_on_launch": false,
            "outpost_arn": "",
            "owner_id": "126400498530",
            "private_dns_hostname_type_on_launch": "ip-name",
            "tags": null,
            "tags_all": {},
            "timeouts": null,
            "vpc_id": "vpc-08a556d298c07fc7e"
          },
          "sensitive_attributes": [],
          "private": "eyJlMmJmYjczMC1lY2FhLTExZTYtOGY4OC0zNDM2M2JjN2M0YzAiOnsiY3JlYXRlIjo2MDAwMDAwMDAwMDAsImRlbGV0ZSI6MTIwMDAwMDAwMDAwMH0sInNjaGVtYV92ZXJzaW9uIjoiMSJ9",
          "dependencies": [
            "aws_vpc.utc-vpc"
          ]
        }
      ]
    },
    {
      "mode": "managed",
      "type": "aws_subnet",
      "name": "private_subnet_1a",
      "provider": "provider[\"registry.terraform.io/hashicorp/aws\"]",
      "instances": [
        {
          "schema_version": 1,
          "attributes": {
            "arn": "arn:aws:ec2:us-east-1:126400498530:subnet/subnet-0f0bedd9182387952",
            "assign_ipv6_address_on_creation": false,
            "availability_zone": "us-east-1a",
            "availability_zone_id": "use1-az6",
            "cidr_block": "10.10.3.0/24",
            "customer_owned_ipv4_pool": "",
            "enable_dns64": false,
            "enable_resource_name_dns_a_record_on_launch": false,
            "enable_resource_name_dns_aaaa_record_on_launch": false,
            "id": "subnet-0f0bedd9182387952",
            "ipv6_cidr_block": "",
            "ipv6_cidr_block_association_id": "",
            "ipv6_native": false,
            "map_customer_owned_ip_on_launch": false,
            "map_public_ip_on_launch": false,
            "outpost_arn": "",
            "owner_id": "126400498530",
            "private_dns_hostname_type_on_launch": "ip-name",
            "tags": {
              "Name": "utc-private-subnet-1a",
              "env": "dev",
              "team": "config management"
            },
            "tags_all": {
              "Name": "utc-private-subnet-1a",
              "env": "dev",
              "team": "config management"
            },
            "timeouts": null,
            "vpc_id": "vpc-0ce415467845cd97e"
          },
          "sensitive_attributes": [],
          "private": "eyJlMmJmYjczMC1lY2FhLTExZTYtOGY4OC0zNDM2M2JjN2M0YzAiOnsiY3JlYXRlIjo2MDAwMDAwMDAwMDAsImRlbGV0ZSI6MTIwMDAwMDAwMDAwMH0sInNjaGVtYV92ZXJzaW9uIjoiMSJ9",
          "dependencies": [
            "aws_vpc.utc_vpc"
          ]
        }
      ]
    },
    {
      "mode": "managed",
      "type": "aws_subnet",
      "name": "private_subnet_1b",
      "provider": "provider[\"registry.terraform.io/hashicorp/aws\"]",
      "instances": [
        {
          "schema_version": 1,
          "attributes": {
            "arn": "arn:aws:ec2:us-east-1:126400498530:subnet/subnet-03c846b5c05905ad4",
            "assign_ipv6_address_on_creation": false,
            "availability_zone": "us-east-1b",
            "availability_zone_id": "use1-az1",
            "cidr_block": "10.10.4.0/24",
            "customer_owned_ipv4_pool": "",
            "enable_dns64": false,
            "enable_resource_name_dns_a_record_on_launch": false,
            "enable_resource_name_dns_aaaa_record_on_launch": false,
            "id": "subnet-03c846b5c05905ad4",
            "ipv6_cidr_block": "",
            "ipv6_cidr_block_association_id": "",
            "ipv6_native": false,
            "map_customer_owned_ip_on_launch": false,
            "map_public_ip_on_launch": false,
            "outpost_arn": "",
            "owner_id": "126400498530",
            "private_dns_hostname_type_on_launch": "ip-name",
            "tags": {
              "Name": "utc-private-subnet-1b",
              "env": "dev",
              "team": "config management"
            },
            "tags_all": {
              "Name": "utc-private-subnet-1b",
              "env": "dev",
              "team": "config management"
            },
            "timeouts": null,
            "vpc_id": "vpc-0ce415467845cd97e"
          },
          "sensitive_attributes": [],
          "private": "eyJlMmJmYjczMC1lY2FhLTExZTYtOGY4OC0zNDM2M2JjN2M0YzAiOnsiY3JlYXRlIjo2MDAwMDAwMDAwMDAsImRlbGV0ZSI6MTIwMDAwMDAwMDAwMH0sInNjaGVtYV92ZXJzaW9uIjoiMSJ9",
          "dependencies": [
            "aws_vpc.utc_vpc"
          ]
        }
      ]
    },
    {
      "mode": "managed",
      "type": "aws_subnet",
      "name": "public",
      "provider": "provider[\"registry.terraform.io/hashicorp/aws\"]",
      "instances": []
    },
    {
      "mode": "managed",
      "type": "aws_subnet",
      "name": "public_subnet_1a",
      "provider": "provider[\"registry.terraform.io/hashicorp/aws\"]",
      "instances": [
        {
          "schema_version": 1,
          "attributes": {
            "arn": "arn:aws:ec2:us-east-1:126400498530:subnet/subnet-00d3e1fd203c0c60c",
            "assign_ipv6_address_on_creation": false,
            "availability_zone": "us-east-1a",
            "availability_zone_id": "use1-az6",
            "cidr_block": "10.10.1.0/24",
            "customer_owned_ipv4_pool": "",
            "enable_dns64": false,
            "enable_resource_name_dns_a_record_on_launch": false,
            "enable_resource_name_dns_aaaa_record_on_launch": false,
            "id": "subnet-00d3e1fd203c0c60c",
            "ipv6_cidr_block": "",
            "ipv6_cidr_block_association_id": "",
            "ipv6_native": false,
            "map_customer_owned_ip_on_launch": false,
            "map_public_ip_on_launch": false,
            "outpost_arn": "",
            "owner_id": "126400498530",
            "private_dns_hostname_type_on_launch": "ip-name",
            "tags": {
              "Name": "utc-public-subnet-1a",
              "env": "dev",
              "team": "config management"
            },
            "tags_all": {
              "Name": "utc-public-subnet-1a",
              "env": "dev",
              "team": "config management"
            },
            "timeouts": null,
            "vpc_id": "vpc-0ce415467845cd97e"
          },
          "sensitive_attributes": [],
          "private": "eyJlMmJmYjczMC1lY2FhLTExZTYtOGY4OC0zNDM2M2JjN2M0YzAiOnsiY3JlYXRlIjo2MDAwMDAwMDAwMDAsImRlbGV0ZSI6MTIwMDAwMDAwMDAwMH0sInNjaGVtYV92ZXJzaW9uIjoiMSJ9",
          "dependencies": [
            "aws_vpc.utc_vpc"
          ]
        }
      ]
    },
    {
      "mode": "managed",
      "type": "aws_subnet",
      "name": "public_subnet_1b",
      "provider": "provider[\"registry.terraform.io/hashicorp/aws\"]",
      "instances": [
        {
          "schema_version": 1,
          "attributes": {
            "arn": "arn:aws:ec2:us-east-1:126400498530:subnet/subnet-0de6353a7dfbb1bf6",
            "assign_ipv6_address_on_creation": false,
            "availability_zone": "us-east-1b",
            "availability_zone_id": "use1-az1",
            "cidr_block": "10.10.2.0/24",
            "customer_owned_ipv4_pool": "",
            "enable_dns64": false,
            "enable_resource_name_dns_a_record_on_launch": false,
            "enable_resource_name_dns_aaaa_record_on_launch": false,
            "id": "subnet-0de6353a7dfbb1bf6",
            "ipv6_cidr_block": "",
            "ipv6_cidr_block_association_id": "",
            "ipv6_native": false,
            "map_customer_owned_ip_on_launch": false,
            "map_public_ip_on_launch": false,
            "outpost_arn": "",
            "owner_id": "126400498530",
            "private_dns_hostname_type_on_launch": "ip-name",
            "tags": {
              "Name": "utc-public-subnet-1b",
              "env": "dev",
              "team": "config management"
            },
            "tags_all": {
              "Name": "utc-public-subnet-1b",
              "env": "dev",
              "team": "config management"
            },
            "timeouts": null,
            "vpc_id": "vpc-0ce415467845cd97e"
          },
          "sensitive_attributes": [],
          "private": "eyJlMmJmYjczMC1lY2FhLTExZTYtOGY4OC0zNDM2M2JjN2M0YzAiOnsiY3JlYXRlIjo2MDAwMDAwMDAwMDAsImRlbGV0ZSI6MTIwMDAwMDAwMDAwMH0sInNjaGVtYV92ZXJzaW9uIjoiMSJ9",
          "dependencies": [
            "aws_vpc.utc_vpc"
          ]
        }
      ]
    },
    {
      "mode": "managed",
      "type": "aws_vpc",
      "name": "bastion_server",
      "provider": "provider[\"registry.terraform.io/hashicorp/aws\"]",
      "instances": [
        {
          "status": "tainted",
          "schema_version": 1,
          "attributes": {
            "arn": "arn:aws:ec2:us-east-1:126400498530:vpc/vpc-01e314c6263157f54",
            "assign_generated_ipv6_cidr_block": null,
            "cidr_block": "10.0.0.0/16",
            "default_network_acl_id": null,
            "default_route_table_id": null,
            "default_security_group_id": null,
            "dhcp_options_id": "dopt-07b275c4acf2abedf",
            "enable_classiclink": false,
            "enable_classiclink_dns_support": false,
            "enable_dns_hostnames": false,
            "enable_dns_support": true,
            "enable_network_address_usage_metrics": null,
            "id": "vpc-01e314c6263157f54",
            "instance_tenancy": "default",
            "ipv4_ipam_pool_id": null,
            "ipv4_netmask_length": null,
            "ipv6_association_id": null,
            "ipv6_cidr_block": null,
            "ipv6_cidr_block_network_border_group": null,
            "ipv6_ipam_pool_id": null,
            "ipv6_netmask_length": null,
            "main_route_table_id": null,
            "owner_id": "126400498530",
            "tags": {
              "Name": "bastion_server"
            },
            "tags_all": {
              "Name": "bastion_server"
            }
          },
          "sensitive_attributes": [],
          "private": "eyJzY2hlbWFfdmVyc2lvbiI6IjEifQ=="
        }
      ]
    },
    {
      "mode": "managed",
      "type": "aws_vpc",
      "name": "utc-vpc",
      "provider": "provider[\"registry.terraform.io/hashicorp/aws\"]",
      "instances": [
        {
          "schema_version": 1,
          "attributes": {
            "arn": "arn:aws:ec2:us-east-1:126400498530:vpc/vpc-08a556d298c07fc7e",
            "assign_generated_ipv6_cidr_block": false,
            "cidr_block": "10.0.0.0/16",
            "default_network_acl_id": "acl-0d377800acef2078b",
            "default_route_table_id": "rtb-06b8bd0825b9b0c29",
            "default_security_group_id": "sg-0069b01a303466557",
            "dhcp_options_id": "dopt-07b275c4acf2abedf",
            "enable_classiclink": false,
            "enable_classiclink_dns_support": false,
            "enable_dns_hostnames": false,
            "enable_dns_support": true,
            "enable_network_address_usage_metrics": false,
            "id": "vpc-08a556d298c07fc7e",
            "instance_tenancy": "default",
            "ipv4_ipam_pool_id": null,
            "ipv4_netmask_length": null,
            "ipv6_association_id": "",
            "ipv6_cidr_block": "",
            "ipv6_cidr_block_network_border_group": "",
            "ipv6_ipam_pool_id": "",
            "ipv6_netmask_length": 0,
            "main_route_table_id": "rtb-06b8bd0825b9b0c29",
            "owner_id": "126400498530",
            "tags": null,
            "tags_all": {}
          },
          "sensitive_attributes": [],
          "private": "eyJzY2hlbWFfdmVyc2lvbiI6IjEifQ=="
        }
      ]
    },
    {
      "mode": "managed",
      "type": "aws_vpc",
      "name": "utc_vpc",
      "provider": "provider[\"registry.terraform.io/hashicorp/aws\"]",
      "instances": [
        {
          "schema_version": 1,
          "attributes": {
            "arn": "arn:aws:ec2:us-east-1:126400498530:vpc/vpc-0ce415467845cd97e",
            "assign_generated_ipv6_cidr_block": false,
            "cidr_block": "10.10.0.0/16",
            "default_network_acl_id": "acl-098bd6074e2af0ccc",
            "default_route_table_id": "rtb-08f6a5d3b790f3b2b",
            "default_security_group_id": "sg-0aef01d171ab46822",
            "dhcp_options_id": "dopt-07b275c4acf2abedf",
            "enable_classiclink": false,
            "enable_classiclink_dns_support": false,
            "enable_dns_hostnames": false,
            "enable_dns_support": true,
            "enable_network_address_usage_metrics": false,
            "id": "vpc-0ce415467845cd97e",
            "instance_tenancy": "default",
            "ipv4_ipam_pool_id": null,
            "ipv4_netmask_length": null,
            "ipv6_association_id": "",
            "ipv6_cidr_block": "",
            "ipv6_cidr_block_network_border_group": "",
            "ipv6_ipam_pool_id": "",
            "ipv6_netmask_length": 0,
            "main_route_table_id": "rtb-08f6a5d3b790f3b2b",
            "owner_id": "126400498530",
            "tags": {
              "Name": "utc-vpc",
              "env": "dev",
              "team": "config management"
            },
            "tags_all": {
              "Name": "utc-vpc",
              "env": "dev",
              "team": "config management"
            }
          },
          "sensitive_attributes": [],
          "private": "eyJzY2hlbWFfdmVyc2lvbiI6IjEifQ=="
        }
      ]
    },
    {
      "module": "module.key_pair",
      "mode": "managed",
      "type": "aws_key_pair",
      "name": "this",
      "provider": "provider[\"registry.terraform.io/hashicorp/aws\"]",
      "instances": [
        {
          "index_key": 0,
          "schema_version": 1,
          "attributes": {
            "arn": "arn:aws:ec2:us-east-1:126400498530:key-pair/utc-key",
            "fingerprint": "a8:ef:d5:0b:a9:80:a8:37:a6:e4:8f:9c:98:ff:16:cc",
            "id": "utc-key",
            "key_name": "utc-key",
            "key_name_prefix": "",
            "key_pair_id": "key-05b00d33197f4c408",
            "key_type": "rsa",
            "public_key": "ssh-rsa AAAAB3NzaC1yc2EAAAADAQABAAACAQDDS0NLIeNiwK/0K22IQMEEY99R9p/1QG76/aAWMaqoKshof3NzgNFcCcLRQP2fs2CtR4WWGyyzEaF4xfIIr3U/QTsYOjQFlmDClj9FPhbyrLgu1dNXGu7+LQymL3KOArx5OA2xUyDAHi866xrq2sS5VVpJu6l7SQrOZCegDqabO59Ax99xf3t4wZGgulRTDnby00lq3yv6/qSXsPzpxE4OP867NAyGXFgweTwKbCz9Cp/7tUoCLPvau97NWRulsR6tZJbQuLDnrXpkfqSgU4VrkkK3/eh3c/bHsItG8dQYmUMsf9PrYrLvGsHEPvZEuPQQC8N2UwT4JC9McrbkSr1MfjQ3Xt+b9jcZiZ21Bgz6WUcMT273JPf/+Cw3986aYxFPPWb9HUdA20+jhqtgjUKZI6oEIJJ4A+9ExmzH6BQF90GbtJNA8KFNjwLtO62qgNnLq631tILlPg1lFxgIZ3+VlK0Xulgm4Y+tef/rqnTWwjETLcdUMZQmq4oGF/6n7/IzxdFZveR6AVnGusHKfNW00kGtz/Ky8xJ3/lC4dfF12BLa3msAkqyRyov0Fjn474GDEptRSYkdPDYj90eLj3/Xb1eHwWlACYi61Ej92oaxy6TKqCQwHhoiiWCN/tP4Xw/KatUgoezouWVM9e8BxN4v+1rBsvu+r9b0guTqhXJPDw==",
            "tags": null,
            "tags_all": {}
          },
          "sensitive_attributes": [],
          "private": "eyJzY2hlbWFfdmVyc2lvbiI6IjEifQ==",
          "dependencies": [
            "module.key_pair.tls_private_key.this"
          ]
        }
      ]
    },
    {
      "module": "module.key_pair",
      "mode": "managed",
      "type": "tls_private_key",
      "name": "this",
      "provider": "provider[\"registry.terraform.io/hashicorp/tls\"]",
      "instances": [
        {
          "index_key": 0,
          "schema_version": 1,
          "attributes": {
            "algorithm": "RSA",
            "ecdsa_curve": "P224",
            "id": "2d912d3d0412fb419851e4602a59b219ebebb2e6",
            "private_key_openssh": "-----BEGIN OPENSSH PRIVATE KEY-----\nb3BlbnNzaC1rZXktdjEAAAAABG5vbmUAAAAEbm9uZQAAAAAAAAABAAACFwAAAAdz\nc2gtcnNhAAAAAwEAAQAAAgEAw0tDSyHjYsCv9CttiEDBBGPfUfaf9UBu+v2gFjGq\nqCrIaH9zc4DRXAnC0UD9n7NgrUeFlhsssxGheMXyCK91P0E7GDo0BZZgwpY/RT4W\n8qy4LtXTVxru/i0Mpi9yjgK8eTgNsVMgwB4vOusa6trEuVVaSbupe0kKzmQnoA6m\nmzufQMffcX97eMGRoLpUUw528tNJat8r+v6kl7D86cRODj/OuzQMhlxYMHk8Cmws\n/Qqf+7VKAiz72rvezVkbpbEerWSW0Liw5616ZH6koFOFa5JCt/3od3P2x7CLRvHU\nGJlDLH/T62Ky7xrBxD72RLj0EAvDdlME+CQvTHK25Eq9TH40N17fm/Y3GYmdtQYM\n+llHDE9u9yT3//gsN/fOmmMRTz1m/R1HQNtPo4arYI1CmSOqBCCSeAPvRMZsx+gU\nBfdBm7STQPChTY8C7TutqoDZy6ut9bSC5T4NZRcYCGd/lZStF7pYJuGPrXn/66p0\n1sIxEy3HVDGUJquKBhf+p+/yM8XRWb3kegFZxrrBynzVtNJBrc/ysvMSd/5QuHXx\nddgS2t5rAJKskcqL9BY5+O+BgxKbUUmJHTw2I/dHi49/129Xh8FpQAmIutRI/dqG\nscukyqgkMB4aIolgjf7T+F8PymrVIKHs6LllTPXvAcTeL/tawbL7vq/W9ILk6oVy\nTw8AAAc4XxWutF8VrrQAAAAHc3NoLXJzYQAAAgEAw0tDSyHjYsCv9CttiEDBBGPf\nUfaf9UBu+v2gFjGqqCrIaH9zc4DRXAnC0UD9n7NgrUeFlhsssxGheMXyCK91P0E7\nGDo0BZZgwpY/RT4W8qy4LtXTVxru/i0Mpi9yjgK8eTgNsVMgwB4vOusa6trEuVVa\nSbupe0kKzmQnoA6mmzufQMffcX97eMGRoLpUUw528tNJat8r+v6kl7D86cRODj/O\nuzQMhlxYMHk8Cmws/Qqf+7VKAiz72rvezVkbpbEerWSW0Liw5616ZH6koFOFa5JC\nt/3od3P2x7CLRvHUGJlDLH/T62Ky7xrBxD72RLj0EAvDdlME+CQvTHK25Eq9TH40\nN17fm/Y3GYmdtQYM+llHDE9u9yT3//gsN/fOmmMRTz1m/R1HQNtPo4arYI1CmSOq\nBCCSeAPvRMZsx+gUBfdBm7STQPChTY8C7TutqoDZy6ut9bSC5T4NZRcYCGd/lZSt\nF7pYJuGPrXn/66p01sIxEy3HVDGUJquKBhf+p+/yM8XRWb3kegFZxrrBynzVtNJB\nrc/ysvMSd/5QuHXxddgS2t5rAJKskcqL9BY5+O+BgxKbUUmJHTw2I/dHi49/129X\nh8FpQAmIutRI/dqGscukyqgkMB4aIolgjf7T+F8PymrVIKHs6LllTPXvAcTeL/ta\nwbL7vq/W9ILk6oVyTw8AAAADAQABAAACAHqfgUtlpd7V2iVYN1g8QHW/N/PBBUL7\nCDQ0mBYXbW5WHqvuitFVax99SYQWaKmj+eoTZH+R5IkzYs3wjD6D3PywuqhFs3Bm\nsa68pFGX4NTTOnq97Atfb/zM0IpwdF9SvIDof0B+T6wRx9oY0Tfx0WAFhcGSQaKV\nhGF/ZZoMWPRThXUpitU7FI4IDKZ9GIFmLa3emNSv+G+LAFH24XbuuYwc6HOHBO5A\ngWc+WEK7Fax0xWtIs4WWNTVsjUMm1kM9aWO6KzA3J2zw8k6zbi71Ams+1QGuPg7z\nE1rjMTCEm4YuhY0lXi0INg4IIO5WEk+oSibhHAPpsM8V+VTpGolRnHWYWi1LSezx\nEjJb6K8rdN03w5FYyC4gJ3UoFK/OD0AJCnb9hNWAV1RW8G4m3LKKFVkR4FkFEYu5\n6wxztFmacJzgE1AQnKZVTYmv6NbdhTAVZs1DDJpUjhHMiv9UgCucQkwaIQCnWDz9\n6DGiWe4rgUvVx/3eNtD2x9XHPL10fm1GVNfbEA9Uwu+f9YJ4NhzQEWqHEINfOXnI\n/ssjaPfaJo60Rzc39ILOWcqRaKgd0mdTOaCU2LjCl068pbZH7PwSURxx5D7LrDJr\ne3YqEpBL6dUXCOiw+mcNpkEhoSe5EJmBt3r+/2ICxIpzCa32hwwmdJDnI5iNsrHg\npSvzJi78oa3xAAABAAMzN7U6EjcVYAjatzKS+M/3IXdjMWB8KC3xF+jBcI6seJbW\nL04H8QgbeTDFHZjxDsWt/eOdasg2lxLaIn14XlPEtcszwCSz09O32XV5DbuAk/0O\nUexpQB47cMEoO3hfCtQqmPzpX3jaQuQJ9EnKBX5rI8AHPgb+51nEjR2fbFxH4Z4v\nDxEvSG5w2IAKn5pez0i6Hry6eRqk/uFiPDyCGjaaHFiiLIKoKzXDS6AcV0L/n4qD\nsE5DrFFLxbu/B6GgpgdV6yTSXwKEpqJOxKmHayYzGJLHDvCFTX3UbpOTKyDdbQ14\nMJC4989ZP9k1vUV2YYjUim1nTAoxDEqeS9AWbfMAAAEBANuS7Alv0psnqwnoMvHm\nuMXKYBR5PYo1gffayPdWKUVD6IwsGdHSIQVEzxgSJjDyMpNO2uqxCwAS5kf2a3rH\nN7dD0rwoROla6pxgheAOTNNwGp2ziqNh9WxIR2H7pFlNWEr17VBK1MYn35HeVqpM\ncBVXg5qPYr0ZVXdpDFC+emjj1AHLkbRvtHamckclw65Pl0QwWhnYNfc3QzdhXe4T\nM3ljpmNVlgABwGQjKJtoB/OuOvkwrNsTwOSYzOdo5Tybubx486acQWe3I0F5PU+Z\n2MhdYRkoujztdOkatRkhF8w+UQzMSOxak6/ScrA1ksopg4C439QnHHOvEQy/v1bM\ncAUAAAEBAOOxMp0+9iqnGByGa3hfMBc+878TMfToHAiX245eQBEuyWWk7Vc/ZPOJ\nxYsC7cxh5laqM4QtJQcA/zTPvP/BvhVJy0j9XLFcnV4lF7mceCah7TbG/FX4Jha+\nu+OsTDBAWMIDWEybqIruRVybKi/m9XGWnHBpx5bXIq51R8JGRqgAqVmXgMMuMlTh\nbQbfa4nQ8IxYG8KQu8CQsEDIFyLosWl8G5BmIxldHDVBNNm6Afg/mvlxuXNlyYLZ\nR/8jsSP2v/PJ+3aYAJzHw88HFKZI86JHZs86OBpzXtRt2m0hiQ1xejkNwEReR03B\nrd1Tycx0DXGPDx1usl1CGchTXbSMMwMAAAAAAQID\n-----END OPENSSH PRIVATE KEY-----\n",
            "private_key_pem": "-----BEGIN RSA PRIVATE KEY-----\nMIIJKAIBAAKCAgEAw0tDSyHjYsCv9CttiEDBBGPfUfaf9UBu+v2gFjGqqCrIaH9z\nc4DRXAnC0UD9n7NgrUeFlhsssxGheMXyCK91P0E7GDo0BZZgwpY/RT4W8qy4LtXT\nVxru/i0Mpi9yjgK8eTgNsVMgwB4vOusa6trEuVVaSbupe0kKzmQnoA6mmzufQMff\ncX97eMGRoLpUUw528tNJat8r+v6kl7D86cRODj/OuzQMhlxYMHk8Cmws/Qqf+7VK\nAiz72rvezVkbpbEerWSW0Liw5616ZH6koFOFa5JCt/3od3P2x7CLRvHUGJlDLH/T\n62Ky7xrBxD72RLj0EAvDdlME+CQvTHK25Eq9TH40N17fm/Y3GYmdtQYM+llHDE9u\n9yT3//gsN/fOmmMRTz1m/R1HQNtPo4arYI1CmSOqBCCSeAPvRMZsx+gUBfdBm7ST\nQPChTY8C7TutqoDZy6ut9bSC5T4NZRcYCGd/lZStF7pYJuGPrXn/66p01sIxEy3H\nVDGUJquKBhf+p+/yM8XRWb3kegFZxrrBynzVtNJBrc/ysvMSd/5QuHXxddgS2t5r\nAJKskcqL9BY5+O+BgxKbUUmJHTw2I/dHi49/129Xh8FpQAmIutRI/dqGscukyqgk\nMB4aIolgjf7T+F8PymrVIKHs6LllTPXvAcTeL/tawbL7vq/W9ILk6oVyTw8CAwEA\nAQKCAgB6n4FLZaXe1dolWDdYPEB1vzfzwQVC+wg0NJgWF21uVh6r7orRVWsffUmE\nFmipo/nqE2R/keSJM2LN8Iw+g9z8sLqoRbNwZrGuvKRRl+DU0zp6vewLX2/8zNCK\ncHRfUryA6H9Afk+sEcfaGNE38dFgBYXBkkGilYRhf2WaDFj0U4V1KYrVOxSOCAym\nfRiBZi2t3pjUr/hviwBR9uF27rmMHOhzhwTuQIFnPlhCuxWsdMVrSLOFljU1bI1D\nJtZDPWljuiswNyds8PJOs24u9QJrPtUBrj4O8xNa4zEwhJuGLoWNJV4tCDYOCCDu\nVhJPqEom4RwD6bDPFflU6RqJUZx1mFotS0ns8RIyW+ivK3TdN8ORWMguICd1KBSv\nzg9ACQp2/YTVgFdUVvBuJtyyihVZEeBZBRGLuesMc7RZmnCc4BNQEJymVU2Jr+jW\n3YUwFWbNQwyaVI4RzIr/VIArnEJMGiEAp1g8/egxolnuK4FL1cf93jbQ9sfVxzy9\ndH5tRlTX2xAPVMLvn/WCeDYc0BFqhxCDXzl5yP7LI2j32iaOtEc3N/SCzlnKkWio\nHdJnUzmglNi4wpdOvKW2R+z8ElEcceQ+y6wya3t2KhKQS+nVFwjosPpnDaZBIaEn\nuRCZgbd6/v9iAsSKcwmt9ocMJnSQ5yOYjbKx4KUr8yYu/KGt8QKCAQEA25LsCW/S\nmyerCegy8ea4xcpgFHk9ijWB99rI91YpRUPojCwZ0dIhBUTPGBImMPIyk07a6rEL\nABLmR/Zresc3t0PSvChE6VrqnGCF4A5M03AanbOKo2H1bEhHYfukWU1YSvXtUErU\nxiffkd5WqkxwFVeDmo9ivRlVd2kMUL56aOPUAcuRtG+0dqZyRyXDrk+XRDBaGdg1\n9zdDN2Fd7hMzeWOmY1WWAAHAZCMom2gH8646+TCs2xPA5JjM52jlPJu5vHjzppxB\nZ7cjQXk9T5nYyF1hGSi6PO106Rq1GSEXzD5RDMxI7FqTr9JysDWSyimDgLjf1Ccc\nc68RDL+/VsxwBQKCAQEA47EynT72KqcYHIZreF8wFz7zvxMx9OgcCJfbjl5AES7J\nZaTtVz9k84nFiwLtzGHmVqozhC0lBwD/NM+8/8G+FUnLSP1csVydXiUXuZx4JqHt\nNsb8VfgmFr6746xMMEBYwgNYTJuoiu5FXJsqL+b1cZaccGnHltcirnVHwkZGqACp\nWZeAwy4yVOFtBt9ridDwjFgbwpC7wJCwQMgXIuixaXwbkGYjGV0cNUE02boB+D+a\n+XG5c2XJgtlH/yOxI/a/88n7dpgAnMfDzwcUpkjzokdmzzo4GnNe1G3abSGJDXF6\nOQ3ARF5HTcGt3VPJzHQNcY8PHW6yXUIZyFNdtIwzAwKCAQEAhXxiZrJGlPCeuJ0j\nK5CaUBRiKNA0K2uwIaAugL8uw98u5tiAseBPFsboJ7gQ47y6JnfP+tG64EadHK6g\nVLn8Ezv2R1Er47nT21GK0dWfuwLyC2F1LTKGY1flnZnAJlIxFRFBPojfpb/j2OgU\nQ9/IXBEh/rqgylk2biu8wvGptU6cOqMpZ0ppqaAy5TH+LmBQk7HZdNDOrgY4pNha\npDukFW4RX15OnJ5z+eyt6RxriScozwlabK0rnU2PdDd+9UOuvPfDGEzyLj1V/53X\nOidLdTPfrc3muteZNYV5B1fpAc/4shEXXCkMk90awCkxnhlyyrSZzn4ge+u4L8n6\nZqhOiQKCAQB9ytTquPEpSV1xzPWs7/HSte3V/5XW9zEdskATXJDKrW2I4WBalmSA\ng/oGPd0A0ImAEdIaURKm1u8nzylcpz4L5tQPhCJkvoUWkSmVWxOqTEWQwMiB+nGY\nmVGWjAcflT00GsL6t/iaoN7jNbpN8qxhT9Mn69jfxgWcGqFFfKvmf08QdzolGu2l\npVElveNcpXlwH/FeQbXowkcN0z2tBJ+XZoCX+0Wi6qT96wN20mPqMcG91A2f6nk0\n+DPlimOAOf98gXeS4pFcDKVqSEApSh6H5iivjjuWqWyXsgU9y4w7SBk9UhKJ8wgz\ntjAHGhZgBTG0LlQsb47NJQq3eQ9JAzffAoIBAAMzN7U6EjcVYAjatzKS+M/3IXdj\nMWB8KC3xF+jBcI6seJbWL04H8QgbeTDFHZjxDsWt/eOdasg2lxLaIn14XlPEtcsz\nwCSz09O32XV5DbuAk/0OUexpQB47cMEoO3hfCtQqmPzpX3jaQuQJ9EnKBX5rI8AH\nPgb+51nEjR2fbFxH4Z4vDxEvSG5w2IAKn5pez0i6Hry6eRqk/uFiPDyCGjaaHFii\nLIKoKzXDS6AcV0L/n4qDsE5DrFFLxbu/B6GgpgdV6yTSXwKEpqJOxKmHayYzGJLH\nDvCFTX3UbpOTKyDdbQ14MJC4989ZP9k1vUV2YYjUim1nTAoxDEqeS9AWbfM=\n-----END RSA PRIVATE KEY-----\n",
            "private_key_pem_pkcs8": "-----BEGIN PRIVATE KEY-----\nMIIJQgIBADANBgkqhkiG9w0BAQEFAASCCSwwggkoAgEAAoICAQDDS0NLIeNiwK/0\nK22IQMEEY99R9p/1QG76/aAWMaqoKshof3NzgNFcCcLRQP2fs2CtR4WWGyyzEaF4\nxfIIr3U/QTsYOjQFlmDClj9FPhbyrLgu1dNXGu7+LQymL3KOArx5OA2xUyDAHi86\n6xrq2sS5VVpJu6l7SQrOZCegDqabO59Ax99xf3t4wZGgulRTDnby00lq3yv6/qSX\nsPzpxE4OP867NAyGXFgweTwKbCz9Cp/7tUoCLPvau97NWRulsR6tZJbQuLDnrXpk\nfqSgU4VrkkK3/eh3c/bHsItG8dQYmUMsf9PrYrLvGsHEPvZEuPQQC8N2UwT4JC9M\ncrbkSr1MfjQ3Xt+b9jcZiZ21Bgz6WUcMT273JPf/+Cw3986aYxFPPWb9HUdA20+j\nhqtgjUKZI6oEIJJ4A+9ExmzH6BQF90GbtJNA8KFNjwLtO62qgNnLq631tILlPg1l\nFxgIZ3+VlK0Xulgm4Y+tef/rqnTWwjETLcdUMZQmq4oGF/6n7/IzxdFZveR6AVnG\nusHKfNW00kGtz/Ky8xJ3/lC4dfF12BLa3msAkqyRyov0Fjn474GDEptRSYkdPDYj\n90eLj3/Xb1eHwWlACYi61Ej92oaxy6TKqCQwHhoiiWCN/tP4Xw/KatUgoezouWVM\n9e8BxN4v+1rBsvu+r9b0guTqhXJPDwIDAQABAoICAHqfgUtlpd7V2iVYN1g8QHW/\nN/PBBUL7CDQ0mBYXbW5WHqvuitFVax99SYQWaKmj+eoTZH+R5IkzYs3wjD6D3Pyw\nuqhFs3Bmsa68pFGX4NTTOnq97Atfb/zM0IpwdF9SvIDof0B+T6wRx9oY0Tfx0WAF\nhcGSQaKVhGF/ZZoMWPRThXUpitU7FI4IDKZ9GIFmLa3emNSv+G+LAFH24XbuuYwc\n6HOHBO5AgWc+WEK7Fax0xWtIs4WWNTVsjUMm1kM9aWO6KzA3J2zw8k6zbi71Ams+\n1QGuPg7zE1rjMTCEm4YuhY0lXi0INg4IIO5WEk+oSibhHAPpsM8V+VTpGolRnHWY\nWi1LSezxEjJb6K8rdN03w5FYyC4gJ3UoFK/OD0AJCnb9hNWAV1RW8G4m3LKKFVkR\n4FkFEYu56wxztFmacJzgE1AQnKZVTYmv6NbdhTAVZs1DDJpUjhHMiv9UgCucQkwa\nIQCnWDz96DGiWe4rgUvVx/3eNtD2x9XHPL10fm1GVNfbEA9Uwu+f9YJ4NhzQEWqH\nEINfOXnI/ssjaPfaJo60Rzc39ILOWcqRaKgd0mdTOaCU2LjCl068pbZH7PwSURxx\n5D7LrDJre3YqEpBL6dUXCOiw+mcNpkEhoSe5EJmBt3r+/2ICxIpzCa32hwwmdJDn\nI5iNsrHgpSvzJi78oa3xAoIBAQDbkuwJb9KbJ6sJ6DLx5rjFymAUeT2KNYH32sj3\nVilFQ+iMLBnR0iEFRM8YEiYw8jKTTtrqsQsAEuZH9mt6xze3Q9K8KETpWuqcYIXg\nDkzTcBqds4qjYfVsSEdh+6RZTVhK9e1QStTGJ9+R3laqTHAVV4Oaj2K9GVV3aQxQ\nvnpo49QBy5G0b7R2pnJHJcOuT5dEMFoZ2DX3N0M3YV3uEzN5Y6ZjVZYAAcBkIyib\naAfzrjr5MKzbE8DkmMznaOU8m7m8ePOmnEFntyNBeT1PmdjIXWEZKLo87XTpGrUZ\nIRfMPlEMzEjsWpOv0nKwNZLKKYOAuN/UJxxzrxEMv79WzHAFAoIBAQDjsTKdPvYq\npxgchmt4XzAXPvO/EzH06BwIl9uOXkARLsllpO1XP2TzicWLAu3MYeZWqjOELSUH\nAP80z7z/wb4VSctI/VyxXJ1eJRe5nHgmoe02xvxV+CYWvrvjrEwwQFjCA1hMm6iK\n7kVcmyov5vVxlpxwaceW1yKudUfCRkaoAKlZl4DDLjJU4W0G32uJ0PCMWBvCkLvA\nkLBAyBci6LFpfBuQZiMZXRw1QTTZugH4P5r5cblzZcmC2Uf/I7Ej9r/zyft2mACc\nx8PPBxSmSPOiR2bPOjgac17UbdptIYkNcXo5DcBEXkdNwa3dU8nMdA1xjw8dbrJd\nQhnIU120jDMDAoIBAQCFfGJmskaU8J64nSMrkJpQFGIo0DQra7AhoC6Avy7D3y7m\n2ICx4E8WxugnuBDjvLomd8/60brgRp0crqBUufwTO/ZHUSvjudPbUYrR1Z+7AvIL\nYXUtMoZjV+WdmcAmUjEVEUE+iN+lv+PY6BRD38hcESH+uqDKWTZuK7zC8am1Tpw6\noylnSmmpoDLlMf4uYFCTsdl00M6uBjik2FqkO6QVbhFfXk6cnnP57K3pHGuJJyjP\nCVpsrSudTY90N371Q66898MYTPIuPVX/ndc6J0t1M9+tzea615k1hXkHV+kBz/iy\nERdcKQyT3RrAKTGeGXLKtJnOfiB767gvyfpmqE6JAoIBAH3K1Oq48SlJXXHM9azv\n8dK17dX/ldb3MR2yQBNckMqtbYjhYFqWZICD+gY93QDQiYAR0hpREqbW7yfPKVyn\nPgvm1A+EImS+hRaRKZVbE6pMRZDAyIH6cZiZUZaMBx+VPTQawvq3+Jqg3uM1uk3y\nrGFP0yfr2N/GBZwaoUV8q+Z/TxB3OiUa7aWlUSW941yleXAf8V5BtejCRw3TPa0E\nn5dmgJf7RaLqpP3rA3bSY+oxwb3UDZ/qeTT4M+WKY4A5/3yBd5LikVwMpWpIQClK\nHofmKK+OO5apbJeyBT3LjDtIGT1SEonzCDO2MAcaFmAFMbQuVCxvjs0lCrd5D0kD\nN98CggEAAzM3tToSNxVgCNq3MpL4z/chd2MxYHwoLfEX6MFwjqx4ltYvTgfxCBt5\nMMUdmPEOxa39451qyDaXEtoifXheU8S1yzPAJLPT07fZdXkNu4CT/Q5R7GlAHjtw\nwSg7eF8K1CqY/OlfeNpC5An0ScoFfmsjwAc+Bv7nWcSNHZ9sXEfhni8PES9IbnDY\ngAqfml7PSLoevLp5GqT+4WI8PIIaNpocWKIsgqgrNcNLoBxXQv+fioOwTkOsUUvF\nu78HoaCmB1XrJNJfAoSmok7EqYdrJjMYkscO8IVNfdRuk5MrIN1tDXgwkLj3z1k/\n2TW9RXZhiNSKbWdMCjEMSp5L0BZt8w==\n-----END PRIVATE KEY-----\n",
            "public_key_fingerprint_md5": "9c:00:01:a2:83:84:85:04:0e:ef:10:5a:7a:d3:88:b4",
            "public_key_fingerprint_sha256": "SHA256:6nj/um/53hslkj5UAS+0KBfNzv7cIG7jiGK2cfhddT8",
            "public_key_openssh": "ssh-rsa AAAAB3NzaC1yc2EAAAADAQABAAACAQDDS0NLIeNiwK/0K22IQMEEY99R9p/1QG76/aAWMaqoKshof3NzgNFcCcLRQP2fs2CtR4WWGyyzEaF4xfIIr3U/QTsYOjQFlmDClj9FPhbyrLgu1dNXGu7+LQymL3KOArx5OA2xUyDAHi866xrq2sS5VVpJu6l7SQrOZCegDqabO59Ax99xf3t4wZGgulRTDnby00lq3yv6/qSXsPzpxE4OP867NAyGXFgweTwKbCz9Cp/7tUoCLPvau97NWRulsR6tZJbQuLDnrXpkfqSgU4VrkkK3/eh3c/bHsItG8dQYmUMsf9PrYrLvGsHEPvZEuPQQC8N2UwT4JC9McrbkSr1MfjQ3Xt+b9jcZiZ21Bgz6WUcMT273JPf/+Cw3986aYxFPPWb9HUdA20+jhqtgjUKZI6oEIJJ4A+9ExmzH6BQF90GbtJNA8KFNjwLtO62qgNnLq631tILlPg1lFxgIZ3+VlK0Xulgm4Y+tef/rqnTWwjETLcdUMZQmq4oGF/6n7/IzxdFZveR6AVnGusHKfNW00kGtz/Ky8xJ3/lC4dfF12BLa3msAkqyRyov0Fjn474GDEptRSYkdPDYj90eLj3/Xb1eHwWlACYi61Ej92oaxy6TKqCQwHhoiiWCN/tP4Xw/KatUgoezouWVM9e8BxN4v+1rBsvu+r9b0guTqhXJPDw==\n",
            "public_key_pem": "-----BEGIN PUBLIC KEY-----\nMIICIjANBgkqhkiG9w0BAQEFAAOCAg8AMIICCgKCAgEAw0tDSyHjYsCv9CttiEDB\nBGPfUfaf9UBu+v2gFjGqqCrIaH9zc4DRXAnC0UD9n7NgrUeFlhsssxGheMXyCK91\nP0E7GDo0BZZgwpY/RT4W8qy4LtXTVxru/i0Mpi9yjgK8eTgNsVMgwB4vOusa6trE\nuVVaSbupe0kKzmQnoA6mmzufQMffcX97eMGRoLpUUw528tNJat8r+v6kl7D86cRO\nDj/OuzQMhlxYMHk8Cmws/Qqf+7VKAiz72rvezVkbpbEerWSW0Liw5616ZH6koFOF\na5JCt/3od3P2x7CLRvHUGJlDLH/T62Ky7xrBxD72RLj0EAvDdlME+CQvTHK25Eq9\nTH40N17fm/Y3GYmdtQYM+llHDE9u9yT3//gsN/fOmmMRTz1m/R1HQNtPo4arYI1C\nmSOqBCCSeAPvRMZsx+gUBfdBm7STQPChTY8C7TutqoDZy6ut9bSC5T4NZRcYCGd/\nlZStF7pYJuGPrXn/66p01sIxEy3HVDGUJquKBhf+p+/yM8XRWb3kegFZxrrBynzV\ntNJBrc/ysvMSd/5QuHXxddgS2t5rAJKskcqL9BY5+O+BgxKbUUmJHTw2I/dHi49/\n129Xh8FpQAmIutRI/dqGscukyqgkMB4aIolgjf7T+F8PymrVIKHs6LllTPXvAcTe\nL/tawbL7vq/W9ILk6oVyTw8CAwEAAQ==\n-----END PUBLIC KEY-----\n",
            "rsa_bits": 4096
          },
          "sensitive_attributes": []
        }
      ]
    }
  ],
  "check_results": null
}
